// !$*UTF8*$!
{
	archiveVersion = 1;
	classes = {
	};
	objectVersion = 50;
	objects = {

/* Begin PBXBuildFile section */
		606B57D326E26A48005EEA58 /* AppDelegate.swift in Sources */ = {isa = PBXBuildFile; fileRef = 606B57D226E26A48005EEA58 /* AppDelegate.swift */; };
		606B57D526E26A48005EEA58 /* SceneDelegate.swift in Sources */ = {isa = PBXBuildFile; fileRef = 606B57D426E26A48005EEA58 /* SceneDelegate.swift */; };
		606B57D726E26A48005EEA58 /* ViewController.swift in Sources */ = {isa = PBXBuildFile; fileRef = 606B57D626E26A48005EEA58 /* ViewController.swift */; };
		606B57DA26E26A48005EEA58 /* Main.storyboard in Resources */ = {isa = PBXBuildFile; fileRef = 606B57D826E26A48005EEA58 /* Main.storyboard */; };
		606B57DC26E26A4B005EEA58 /* Assets.xcassets in Resources */ = {isa = PBXBuildFile; fileRef = 606B57DB26E26A4B005EEA58 /* Assets.xcassets */; };
		606B57DF26E26A4B005EEA58 /* LaunchScreen.storyboard in Resources */ = {isa = PBXBuildFile; fileRef = 606B57DD26E26A4B005EEA58 /* LaunchScreen.storyboard */; };
		606B57EA26E26A4B005EEA58 /* DeleteCellTests.swift in Sources */ = {isa = PBXBuildFile; fileRef = 606B57E926E26A4B005EEA58 /* DeleteCellTests.swift */; };
		606B57F526E26A4B005EEA58 /* DeleteCellUITests.swift in Sources */ = {isa = PBXBuildFile; fileRef = 606B57F426E26A4B005EEA58 /* DeleteCellUITests.swift */; };
		606B580326E2B590005EEA58 /* Item.swift in Sources */ = {isa = PBXBuildFile; fileRef = 606B580226E2B590005EEA58 /* Item.swift */; };
/* End PBXBuildFile section */

/* Begin PBXContainerItemProxy section */
		606B57E626E26A4B005EEA58 /* PBXContainerItemProxy */ = {
			isa = PBXContainerItemProxy;
			containerPortal = 606B57C726E26A48005EEA58 /* Project object */;
			proxyType = 1;
			remoteGlobalIDString = 606B57CE26E26A48005EEA58;
			remoteInfo = DeleteCell;
		};
		606B57F126E26A4B005EEA58 /* PBXContainerItemProxy */ = {
			isa = PBXContainerItemProxy;
			containerPortal = 606B57C726E26A48005EEA58 /* Project object */;
			proxyType = 1;
			remoteGlobalIDString = 606B57CE26E26A48005EEA58;
			remoteInfo = DeleteCell;
		};
/* End PBXContainerItemProxy section */

/* Begin PBXFileReference section */
		606B57CF26E26A48005EEA58 /* DeleteCell.app */ = {isa = PBXFileReference; explicitFileType = wrapper.application; includeInIndex = 0; path = DeleteCell.app; sourceTree = BUILT_PRODUCTS_DIR; };
		606B57D226E26A48005EEA58 /* AppDelegate.swift */ = {isa = PBXFileReference; lastKnownFileType = sourcecode.swift; path = AppDelegate.swift; sourceTree = "<group>"; };
		606B57D426E26A48005EEA58 /* SceneDelegate.swift */ = {isa = PBXFileReference; lastKnownFileType = sourcecode.swift; path = SceneDelegate.swift; sourceTree = "<group>"; };
		606B57D626E26A48005EEA58 /* ViewController.swift */ = {isa = PBXFileReference; lastKnownFileType = sourcecode.swift; path = ViewController.swift; sourceTree = "<group>"; };
		606B57D926E26A48005EEA58 /* Base */ = {isa = PBXFileReference; lastKnownFileType = file.storyboard; name = Base; path = Base.lproj/Main.storyboard; sourceTree = "<group>"; };
		606B57DB26E26A4B005EEA58 /* Assets.xcassets */ = {isa = PBXFileReference; lastKnownFileType = folder.assetcatalog; path = Assets.xcassets; sourceTree = "<group>"; };
		606B57DE26E26A4B005EEA58 /* Base */ = {isa = PBXFileReference; lastKnownFileType = file.storyboard; name = Base; path = Base.lproj/LaunchScreen.storyboard; sourceTree = "<group>"; };
		606B57E026E26A4B005EEA58 /* Info.plist */ = {isa = PBXFileReference; lastKnownFileType = text.plist.xml; path = Info.plist; sourceTree = "<group>"; };
		606B57E526E26A4B005EEA58 /* DeleteCellTests.xctest */ = {isa = PBXFileReference; explicitFileType = wrapper.cfbundle; includeInIndex = 0; path = DeleteCellTests.xctest; sourceTree = BUILT_PRODUCTS_DIR; };
		606B57E926E26A4B005EEA58 /* DeleteCellTests.swift */ = {isa = PBXFileReference; lastKnownFileType = sourcecode.swift; path = DeleteCellTests.swift; sourceTree = "<group>"; };
		606B57EB26E26A4B005EEA58 /* Info.plist */ = {isa = PBXFileReference; lastKnownFileType = text.plist.xml; path = Info.plist; sourceTree = "<group>"; };
		606B57F026E26A4B005EEA58 /* DeleteCellUITests.xctest */ = {isa = PBXFileReference; explicitFileType = wrapper.cfbundle; includeInIndex = 0; path = DeleteCellUITests.xctest; sourceTree = BUILT_PRODUCTS_DIR; };
		606B57F426E26A4B005EEA58 /* DeleteCellUITests.swift */ = {isa = PBXFileReference; lastKnownFileType = sourcecode.swift; path = DeleteCellUITests.swift; sourceTree = "<group>"; };
		606B57F626E26A4B005EEA58 /* Info.plist */ = {isa = PBXFileReference; lastKnownFileType = text.plist.xml; path = Info.plist; sourceTree = "<group>"; };
		606B580226E2B590005EEA58 /* Item.swift */ = {isa = PBXFileReference; lastKnownFileType = sourcecode.swift; path = Item.swift; sourceTree = "<group>"; };
/* End PBXFileReference section */

/* Begin PBXFrameworksBuildPhase section */
		606B57CC26E26A48005EEA58 /* Frameworks */ = {
			isa = PBXFrameworksBuildPhase;
			buildActionMask = 2147483647;
			files = (
			);
			runOnlyForDeploymentPostprocessing = 0;
		};
		606B57E226E26A4B005EEA58 /* Frameworks */ = {
			isa = PBXFrameworksBuildPhase;
			buildActionMask = 2147483647;
			files = (
			);
			runOnlyForDeploymentPostprocessing = 0;
		};
		606B57ED26E26A4B005EEA58 /* Frameworks */ = {
			isa = PBXFrameworksBuildPhase;
			buildActionMask = 2147483647;
			files = (
			);
			runOnlyForDeploymentPostprocessing = 0;
		};
/* End PBXFrameworksBuildPhase section */

/* Begin PBXGroup section */
		606B57C626E26A48005EEA58 = {
			isa = PBXGroup;
			children = (
				606B57D126E26A48005EEA58 /* DeleteCell */,
				606B57E826E26A4B005EEA58 /* DeleteCellTests */,
				606B57F326E26A4B005EEA58 /* DeleteCellUITests */,
				606B57D026E26A48005EEA58 /* Products */,
			);
			sourceTree = "<group>";
		};
		606B57D026E26A48005EEA58 /* Products */ = {
			isa = PBXGroup;
			children = (
				606B57CF26E26A48005EEA58 /* DeleteCell.app */,
				606B57E526E26A4B005EEA58 /* DeleteCellTests.xctest */,
				606B57F026E26A4B005EEA58 /* DeleteCellUITests.xctest */,
			);
			name = Products;
			sourceTree = "<group>";
		};
		606B57D126E26A48005EEA58 /* DeleteCell */ = {
			isa = PBXGroup;
			children = (
				606B57D226E26A48005EEA58 /* AppDelegate.swift */,
				606B57D426E26A48005EEA58 /* SceneDelegate.swift */,
				606B57D626E26A48005EEA58 /* ViewController.swift */,
				606B57D826E26A48005EEA58 /* Main.storyboard */,
				606B57DB26E26A4B005EEA58 /* Assets.xcassets */,
				606B57DD26E26A4B005EEA58 /* LaunchScreen.storyboard */,
				606B57E026E26A4B005EEA58 /* Info.plist */,
				606B580226E2B590005EEA58 /* Item.swift */,
			);
			path = DeleteCell;
			sourceTree = "<group>";
		};
		606B57E826E26A4B005EEA58 /* DeleteCellTests */ = {
			isa = PBXGroup;
			children = (
				606B57E926E26A4B005EEA58 /* DeleteCellTests.swift */,
				606B57EB26E26A4B005EEA58 /* Info.plist */,
			);
			path = DeleteCellTests;
			sourceTree = "<group>";
		};
		606B57F326E26A4B005EEA58 /* DeleteCellUITests */ = {
			isa = PBXGroup;
			children = (
				606B57F426E26A4B005EEA58 /* DeleteCellUITests.swift */,
				606B57F626E26A4B005EEA58 /* Info.plist */,
			);
			path = DeleteCellUITests;
			sourceTree = "<group>";
		};
/* End PBXGroup section */

/* Begin PBXNativeTarget section */
		606B57CE26E26A48005EEA58 /* DeleteCell */ = {
			isa = PBXNativeTarget;
			buildConfigurationList = 606B57F926E26A4B005EEA58 /* Build configuration list for PBXNativeTarget "DeleteCell" */;
			buildPhases = (
				606B57CB26E26A48005EEA58 /* Sources */,
				606B57CC26E26A48005EEA58 /* Frameworks */,
				606B57CD26E26A48005EEA58 /* Resources */,
			);
			buildRules = (
			);
			dependencies = (
			);
			name = DeleteCell;
			productName = DeleteCell;
			productReference = 606B57CF26E26A48005EEA58 /* DeleteCell.app */;
			productType = "com.apple.product-type.application";
		};
		606B57E426E26A4B005EEA58 /* DeleteCellTests */ = {
			isa = PBXNativeTarget;
			buildConfigurationList = 606B57FC26E26A4B005EEA58 /* Build configuration list for PBXNativeTarget "DeleteCellTests" */;
			buildPhases = (
				606B57E126E26A4B005EEA58 /* Sources */,
				606B57E226E26A4B005EEA58 /* Frameworks */,
				606B57E326E26A4B005EEA58 /* Resources */,
			);
			buildRules = (
			);
			dependencies = (
				606B57E726E26A4B005EEA58 /* PBXTargetDependency */,
			);
			name = DeleteCellTests;
			productName = DeleteCellTests;
			productReference = 606B57E526E26A4B005EEA58 /* DeleteCellTests.xctest */;
			productType = "com.apple.product-type.bundle.unit-test";
		};
		606B57EF26E26A4B005EEA58 /* DeleteCellUITests */ = {
			isa = PBXNativeTarget;
			buildConfigurationList = 606B57FF26E26A4B005EEA58 /* Build configuration list for PBXNativeTarget "DeleteCellUITests" */;
			buildPhases = (
				606B57EC26E26A4B005EEA58 /* Sources */,
				606B57ED26E26A4B005EEA58 /* Frameworks */,
				606B57EE26E26A4B005EEA58 /* Resources */,
			);
			buildRules = (
			);
			dependencies = (
				606B57F226E26A4B005EEA58 /* PBXTargetDependency */,
			);
			name = DeleteCellUITests;
			productName = DeleteCellUITests;
			productReference = 606B57F026E26A4B005EEA58 /* DeleteCellUITests.xctest */;
			productType = "com.apple.product-type.bundle.ui-testing";
		};
/* End PBXNativeTarget section */

/* Begin PBXProject section */
		606B57C726E26A48005EEA58 /* Project object */ = {
			isa = PBXProject;
			attributes = {
				LastSwiftUpdateCheck = 1250;
				LastUpgradeCheck = 1250;
				TargetAttributes = {
					606B57CE26E26A48005EEA58 = {
						CreatedOnToolsVersion = 12.5.1;
					};
					606B57E426E26A4B005EEA58 = {
						CreatedOnToolsVersion = 12.5.1;
						TestTargetID = 606B57CE26E26A48005EEA58;
					};
					606B57EF26E26A4B005EEA58 = {
						CreatedOnToolsVersion = 12.5.1;
						TestTargetID = 606B57CE26E26A48005EEA58;
					};
				};
			};
			buildConfigurationList = 606B57CA26E26A48005EEA58 /* Build configuration list for PBXProject "DeleteCell" */;
			compatibilityVersion = "Xcode 9.3";
			developmentRegion = en;
			hasScannedForEncodings = 0;
			knownRegions = (
				en,
				Base,
			);
			mainGroup = 606B57C626E26A48005EEA58;
			productRefGroup = 606B57D026E26A48005EEA58 /* Products */;
			projectDirPath = "";
			projectRoot = "";
			targets = (
				606B57CE26E26A48005EEA58 /* DeleteCell */,
				606B57E426E26A4B005EEA58 /* DeleteCellTests */,
				606B57EF26E26A4B005EEA58 /* DeleteCellUITests */,
			);
		};
/* End PBXProject section */

/* Begin PBXResourcesBuildPhase section */
		606B57CD26E26A48005EEA58 /* Resources */ = {
			isa = PBXResourcesBuildPhase;
			buildActionMask = 2147483647;
			files = (
				606B57DF26E26A4B005EEA58 /* LaunchScreen.storyboard in Resources */,
				606B57DC26E26A4B005EEA58 /* Assets.xcassets in Resources */,
				606B57DA26E26A48005EEA58 /* Main.storyboard in Resources */,
			);
			runOnlyForDeploymentPostprocessing = 0;
		};
		606B57E326E26A4B005EEA58 /* Resources */ = {
			isa = PBXResourcesBuildPhase;
			buildActionMask = 2147483647;
			files = (
			);
			runOnlyForDeploymentPostprocessing = 0;
		};
		606B57EE26E26A4B005EEA58 /* Resources */ = {
			isa = PBXResourcesBuildPhase;
			buildActionMask = 2147483647;
			files = (
			);
			runOnlyForDeploymentPostprocessing = 0;
		};
/* End PBXResourcesBuildPhase section */

/* Begin PBXSourcesBuildPhase section */
		606B57CB26E26A48005EEA58 /* Sources */ = {
			isa = PBXSourcesBuildPhase;
			buildActionMask = 2147483647;
			files = (
				606B580326E2B590005EEA58 /* Item.swift in Sources */,
				606B57D726E26A48005EEA58 /* ViewController.swift in Sources */,
				606B57D326E26A48005EEA58 /* AppDelegate.swift in Sources */,
				606B57D526E26A48005EEA58 /* SceneDelegate.swift in Sources */,
			);
			runOnlyForDeploymentPostprocessing = 0;
		};
		606B57E126E26A4B005EEA58 /* Sources */ = {
			isa = PBXSourcesBuildPhase;
			buildActionMask = 2147483647;
			files = (
				606B57EA26E26A4B005EEA58 /* DeleteCellTests.swift in Sources */,
			);
			runOnlyForDeploymentPostprocessing = 0;
		};
		606B57EC26E26A4B005EEA58 /* Sources */ = {
			isa = PBXSourcesBuildPhase;
			buildActionMask = 2147483647;
			files = (
				606B57F526E26A4B005EEA58 /* DeleteCellUITests.swift in Sources */,
			);
			runOnlyForDeploymentPostprocessing = 0;
		};
/* End PBXSourcesBuildPhase section */

/* Begin PBXTargetDependency section */
		606B57E726E26A4B005EEA58 /* PBXTargetDependency */ = {
			isa = PBXTargetDependency;
			target = 606B57CE26E26A48005EEA58 /* DeleteCell */;
			targetProxy = 606B57E626E26A4B005EEA58 /* PBXContainerItemProxy */;
		};
		606B57F226E26A4B005EEA58 /* PBXTargetDependency */ = {
			isa = PBXTargetDependency;
			target = 606B57CE26E26A48005EEA58 /* DeleteCell */;
			targetProxy = 606B57F126E26A4B005EEA58 /* PBXContainerItemProxy */;
		};
/* End PBXTargetDependency section */

/* Begin PBXVariantGroup section */
		606B57D826E26A48005EEA58 /* Main.storyboard */ = {
			isa = PBXVariantGroup;
			children = (
				606B57D926E26A48005EEA58 /* Base */,
			);
			name = Main.storyboard;
			sourceTree = "<group>";
		};
		606B57DD26E26A4B005EEA58 /* LaunchScreen.storyboard */ = {
			isa = PBXVariantGroup;
			children = (
				606B57DE26E26A4B005EEA58 /* Base */,
			);
			name = LaunchScreen.storyboard;
			sourceTree = "<group>";
		};
/* End PBXVariantGroup section */

/* Begin XCBuildConfiguration section */
		606B57F726E26A4B005EEA58 /* Debug */ = {
			isa = XCBuildConfiguration;
			buildSettings = {
				ALWAYS_SEARCH_USER_PATHS = NO;
				CLANG_ANALYZER_NONNULL = YES;
				CLANG_ANALYZER_NUMBER_OBJECT_CONVERSION = YES_AGGRESSIVE;
				CLANG_CXX_LANGUAGE_STANDARD = "gnu++14";
				CLANG_CXX_LIBRARY = "libc++";
				CLANG_ENABLE_MODULES = YES;
				CLANG_ENABLE_OBJC_ARC = YES;
				CLANG_ENABLE_OBJC_WEAK = YES;
				CLANG_WARN_BLOCK_CAPTURE_AUTORELEASING = YES;
				CLANG_WARN_BOOL_CONVERSION = YES;
				CLANG_WARN_COMMA = YES;
				CLANG_WARN_CONSTANT_CONVERSION = YES;
				CLANG_WARN_DEPRECATED_OBJC_IMPLEMENTATIONS = YES;
				CLANG_WARN_DIRECT_OBJC_ISA_USAGE = YES_ERROR;
				CLANG_WARN_DOCUMENTATION_COMMENTS = YES;
				CLANG_WARN_EMPTY_BODY = YES;
				CLANG_WARN_ENUM_CONVERSION = YES;
				CLANG_WARN_INFINITE_RECURSION = YES;
				CLANG_WARN_INT_CONVERSION = YES;
				CLANG_WARN_NON_LITERAL_NULL_CONVERSION = YES;
				CLANG_WARN_OBJC_IMPLICIT_RETAIN_SELF = YES;
				CLANG_WARN_OBJC_LITERAL_CONVERSION = YES;
				CLANG_WARN_OBJC_ROOT_CLASS = YES_ERROR;
				CLANG_WARN_QUOTED_INCLUDE_IN_FRAMEWORK_HEADER = YES;
				CLANG_WARN_RANGE_LOOP_ANALYSIS = YES;
				CLANG_WARN_STRICT_PROTOTYPES = YES;
				CLANG_WARN_SUSPICIOUS_MOVE = YES;
				CLANG_WARN_UNGUARDED_AVAILABILITY = YES_AGGRESSIVE;
				CLANG_WARN_UNREACHABLE_CODE = YES;
				CLANG_WARN__DUPLICATE_METHOD_MATCH = YES;
				COPY_PHASE_STRIP = NO;
				DEBUG_INFORMATION_FORMAT = dwarf;
				ENABLE_STRICT_OBJC_MSGSEND = YES;
				ENABLE_TESTABILITY = YES;
				GCC_C_LANGUAGE_STANDARD = gnu11;
				GCC_DYNAMIC_NO_PIC = NO;
				GCC_NO_COMMON_BLOCKS = YES;
				GCC_OPTIMIZATION_LEVEL = 0;
				GCC_PREPROCESSOR_DEFINITIONS = (
					"DEBUG=1",
					"$(inherited)",
				);
				GCC_WARN_64_TO_32_BIT_CONVERSION = YES;
				GCC_WARN_ABOUT_RETURN_TYPE = YES_ERROR;
				GCC_WARN_UNDECLARED_SELECTOR = YES;
				GCC_WARN_UNINITIALIZED_AUTOS = YES_AGGRESSIVE;
				GCC_WARN_UNUSED_FUNCTION = YES;
				GCC_WARN_UNUSED_VARIABLE = YES;
				IPHONEOS_DEPLOYMENT_TARGET = 14.5;
				MTL_ENABLE_DEBUG_INFO = INCLUDE_SOURCE;
				MTL_FAST_MATH = YES;
				ONLY_ACTIVE_ARCH = YES;
				SDKROOT = iphoneos;
				SWIFT_ACTIVE_COMPILATION_CONDITIONS = DEBUG;
				SWIFT_OPTIMIZATION_LEVEL = "-Onone";
			};
			name = Debug;
		};
		606B57F826E26A4B005EEA58 /* Release */ = {
			isa = XCBuildConfiguration;
			buildSettings = {
				ALWAYS_SEARCH_USER_PATHS = NO;
				CLANG_ANALYZER_NONNULL = YES;
				CLANG_ANALYZER_NUMBER_OBJECT_CONVERSION = YES_AGGRESSIVE;
				CLANG_CXX_LANGUAGE_STANDARD = "gnu++14";
				CLANG_CXX_LIBRARY = "libc++";
				CLANG_ENABLE_MODULES = YES;
				CLANG_ENABLE_OBJC_ARC = YES;
				CLANG_ENABLE_OBJC_WEAK = YES;
				CLANG_WARN_BLOCK_CAPTURE_AUTORELEASING = YES;
				CLANG_WARN_BOOL_CONVERSION = YES;
				CLANG_WARN_COMMA = YES;
				CLANG_WARN_CONSTANT_CONVERSION = YES;
				CLANG_WARN_DEPRECATED_OBJC_IMPLEMENTATIONS = YES;
				CLANG_WARN_DIRECT_OBJC_ISA_USAGE = YES_ERROR;
				CLANG_WARN_DOCUMENTATION_COMMENTS = YES;
				CLANG_WARN_EMPTY_BODY = YES;
				CLANG_WARN_ENUM_CONVERSION = YES;
				CLANG_WARN_INFINITE_RECURSION = YES;
				CLANG_WARN_INT_CONVERSION = YES;
				CLANG_WARN_NON_LITERAL_NULL_CONVERSION = YES;
				CLANG_WARN_OBJC_IMPLICIT_RETAIN_SELF = YES;
				CLANG_WARN_OBJC_LITERAL_CONVERSION = YES;
				CLANG_WARN_OBJC_ROOT_CLASS = YES_ERROR;
				CLANG_WARN_QUOTED_INCLUDE_IN_FRAMEWORK_HEADER = YES;
				CLANG_WARN_RANGE_LOOP_ANALYSIS = YES;
				CLANG_WARN_STRICT_PROTOTYPES = YES;
				CLANG_WARN_SUSPICIOUS_MOVE = YES;
				CLANG_WARN_UNGUARDED_AVAILABILITY = YES_AGGRESSIVE;
				CLANG_WARN_UNREACHABLE_CODE = YES;
				CLANG_WARN__DUPLICATE_METHOD_MATCH = YES;
				COPY_PHASE_STRIP = NO;
				DEBUG_INFORMATION_FORMAT = "dwarf-with-dsym";
				ENABLE_NS_ASSERTIONS = NO;
				ENABLE_STRICT_OBJC_MSGSEND = YES;
				GCC_C_LANGUAGE_STANDARD = gnu11;
				GCC_NO_COMMON_BLOCKS = YES;
				GCC_WARN_64_TO_32_BIT_CONVERSION = YES;
				GCC_WARN_ABOUT_RETURN_TYPE = YES_ERROR;
				GCC_WARN_UNDECLARED_SELECTOR = YES;
				GCC_WARN_UNINITIALIZED_AUTOS = YES_AGGRESSIVE;
				GCC_WARN_UNUSED_FUNCTION = YES;
				GCC_WARN_UNUSED_VARIABLE = YES;
				IPHONEOS_DEPLOYMENT_TARGET = 14.5;
				MTL_ENABLE_DEBUG_INFO = NO;
				MTL_FAST_MATH = YES;
				SDKROOT = iphoneos;
				SWIFT_COMPILATION_MODE = wholemodule;
				SWIFT_OPTIMIZATION_LEVEL = "-O";
				VALIDATE_PRODUCT = YES;
			};
			name = Release;
		};
		606B57FA26E26A4B005EEA58 /* Debug */ = {
			isa = XCBuildConfiguration;
			buildSettings = {
				ASSETCATALOG_COMPILER_APPICON_NAME = AppIcon;
				ASSETCATALOG_COMPILER_GLOBAL_ACCENT_COLOR_NAME = AccentColor;
				CODE_SIGN_STYLE = Automatic;
				DEVELOPMENT_TEAM = 9KU8678MJM;
				INFOPLIST_FILE = DeleteCell/Info.plist;
				LD_RUNPATH_SEARCH_PATHS = (
					"$(inherited)",
					"@executable_path/Frameworks",
				);
				PRODUCT_BUNDLE_IDENTIFIER = me.DeleteCell;
				PRODUCT_NAME = "$(TARGET_NAME)";
				SWIFT_VERSION = 5.0;
				TARGETED_DEVICE_FAMILY = "1,2";
			};
			name = Debug;
		};
		606B57FB26E26A4B005EEA58 /* Release */ = {
			isa = XCBuildConfiguration;
			buildSettings = {
				ASSETCATALOG_COMPILER_APPICON_NAME = AppIcon;
				ASSETCATALOG_COMPILER_GLOBAL_ACCENT_COLOR_NAME = AccentColor;
				CODE_SIGN_STYLE = Automatic;
				DEVELOPMENT_TEAM = 9KU8678MJM;
				INFOPLIST_FILE = DeleteCell/Info.plist;
				LD_RUNPATH_SEARCH_PATHS = (
					"$(inherited)",
					"@executable_path/Frameworks",
				);
				PRODUCT_BUNDLE_IDENTIFIER = me.DeleteCell;
				PRODUCT_NAME = "$(TARGET_NAME)";
				SWIFT_VERSION = 5.0;
				TARGETED_DEVICE_FAMILY = "1,2";
			};
			name = Release;
		};
		606B57FD26E26A4B005EEA58 /* Debug */ = {
			isa = XCBuildConfiguration;
			buildSettings = {
				ALWAYS_EMBED_SWIFT_STANDARD_LIBRARIES = YES;
				BUNDLE_LOADER = "$(TEST_HOST)";
				CODE_SIGN_STYLE = Automatic;
				DEVELOPMENT_TEAM = 9KU8678MJM;
				INFOPLIST_FILE = DeleteCellTests/Info.plist;
				IPHONEOS_DEPLOYMENT_TARGET = 14.5;
				LD_RUNPATH_SEARCH_PATHS = (
					"$(inherited)",
					"@executable_path/Frameworks",
					"@loader_path/Frameworks",
				);
				PRODUCT_BUNDLE_IDENTIFIER = me.DeleteCellTests;
				PRODUCT_NAME = "$(TARGET_NAME)";
				SWIFT_VERSION = 5.0;
				TARGETED_DEVICE_FAMILY = "1,2";
				TEST_HOST = "$(BUILT_PRODUCTS_DIR)/DeleteCell.app/DeleteCell";
			};
			name = Debug;
		};
		606B57FE26E26A4B005EEA58 /* Release */ = {
			isa = XCBuildConfiguration;
			buildSettings = {
				ALWAYS_EMBED_SWIFT_STANDARD_LIBRARIES = YES;
				BUNDLE_LOADER = "$(TEST_HOST)";
				CODE_SIGN_STYLE = Automatic;
				DEVELOPMENT_TEAM = 9KU8678MJM;
				INFOPLIST_FILE = DeleteCellTests/Info.plist;
				IPHONEOS_DEPLOYMENT_TARGET = 14.5;
				LD_RUNPATH_SEARCH_PATHS = (
					"$(inherited)",
					"@executable_path/Frameworks",
					"@loader_path/Frameworks",
				);
				PRODUCT_BUNDLE_IDENTIFIER = me.DeleteCellTests;
				PRODUCT_NAME = "$(TARGET_NAME)";
				SWIFT_VERSION = 5.0;
				TARGETED_DEVICE_FAMILY = "1,2";
				TEST_HOST = "$(BUILT_PRODUCTS_DIR)/DeleteCell.app/DeleteCell";
			};
			name = Release;
		};
		606B580026E26A4B005EEA58 /* Debug */ = {
			isa = XCBuildConfiguration;
			buildSettings = {
				ALWAYS_EMBED_SWIFT_STANDARD_LIBRARIES = YES;
				CODE_SIGN_STYLE = Automatic;
				DEVELOPMENT_TEAM = 9KU8678MJM;
				INFOPLIST_FILE = DeleteCellUITests/Info.plist;
				LD_RUNPATH_SEARCH_PATHS = (
					"$(inherited)",
					"@executable_path/Frameworks",
					"@loader_path/Frameworks",
				);
				PRODUCT_BUNDLE_IDENTIFIER = me.DeleteCellUITests;
				PRODUCT_NAME = "$(TARGET_NAME)";
				SWIFT_VERSION = 5.0;
				TARGETED_DEVICE_FAMILY = "1,2";
				TEST_TARGET_NAME = DeleteCell;
			};
			name = Debug;
		};
		606B580126E26A4B005EEA58 /* Release */ = {
			isa = XCBuildConfiguration;
			buildSettings = {
				ALWAYS_EMBED_SWIFT_STANDARD_LIBRARIES = YES;
				CODE_SIGN_STYLE = Automatic;
				DEVELOPMENT_TEAM = 9KU8678MJM;
				INFOPLIST_FILE = DeleteCellUITests/Info.plist;
				LD_RUNPATH_SEARCH_PATHS = (
					"$(inherited)",
					"@executable_path/Frameworks",
					"@loader_path/Frameworks",
				);
				PRODUCT_BUNDLE_IDENTIFIER = me.DeleteCellUITests;
				PRODUCT_NAME = "$(TARGET_NAME)";
				SWIFT_VERSION = 5.0;
				TARGETED_DEVICE_FAMILY = "1,2";
				TEST_TARGET_NAME = DeleteCell;
			};
			name = Release;
		};
/* End XCBuildConfiguration section */

/* Begin XCConfigurationList section */
		606B57CA26E26A48005EEA58 /* Build configuration list for PBXProject "DeleteCell" */ = {
			isa = XCConfigurationList;
			buildConfigurations = (
				606B57F726E26A4B005EEA58 /* Debug */,
				606B57F826E26A4B005EEA58 /* Release */,
			);
			defaultConfigurationIsVisible = 0;
			defaultConfigurationName = Release;
		};
		606B57F926E26A4B005EEA58 /* Build configuration list for PBXNativeTarget "DeleteCell" */ = {
			isa = XCConfigurationList;
			buildConfigurations = (
				606B57FA26E26A4B005EEA58 /* Debug */,
				606B57FB26E26A4B005EEA58 /* Release */,
			);
			defaultConfigurationIsVisible = 0;
			defaultConfigurationName = Release;
		};
		606B57FC26E26A4B005EEA58 /* Build configuration list for PBXNativeTarget "DeleteCellTests" */ = {
			isa = XCConfigurationList;
			buildConfigurations = (
				606B57FD26E26A4B005EEA58 /* Debug */,
				606B57FE26E26A4B005EEA58 /* Release */,
			);
			defaultConfigurationIsVisible = 0;
			defaultConfigurationName = Release;
		};
		606B57FF26E26A4B005EEA58 /* Build configuration list for PBXNativeTarget "DeleteCellUITests" */ = {
			isa = XCConfigurationList;
			buildConfigurations = (
				606B580026E26A4B005EEA58 /* Debug */,
				606B580126E26A4B005EEA58 /* Release */,
			);
			defaultConfigurationIsVisible = 0;
			defaultConfigurationName = Release;
		};
/* End XCConfigurationList section */
	};
	rootObject = 606B57C726E26A48005EEA58 /* Project object */;
}
